{
  "name": "@confixcell/modelos",
  "version": "1.0.0",
  "lockfileVersion": 3,
  "requires": true,
  "packages": {
    "": {
      "name": "@confixcell/modelos",
      "version": "1.0.0",
      "license": "ISC",
      "dependencies": {
        "@types/luxon": "^3.4.2",
        "decimal.js": "^10.5.0",
        "luxon": "^3.5.0",
        "reflect-metadata": "^0.2.2"
      }
    },
    "node_modules/@types/luxon": {
      "version": "3.4.2",
      "resolved": "https://registry.npmjs.org/@types/luxon/-/luxon-3.4.2.tgz",
      "integrity": "sha512-TifLZlFudklWlMBfhubvgqTXRzLDI5pCbGa4P8a3wPyUQSW+1xQ5eDsreP9DWHX3tjq1ke96uYG/nwundroWcA==",
      "license": "MIT"
    },
    "node_modules/decimal.js": {
      "version": "10.5.0",
      "resolved": "https://registry.npmjs.org/decimal.js/-/decimal.js-10.5.0.tgz",
      "integrity": "sha512-8vDa8Qxvr/+d94hSh5P3IJwI5t8/c0KsMp+g8bNw9cY2icONa5aPfvKeieW1WlG0WQYwwhJ7mjui2xtiePQSXw==",
      "license": "MIT"
    },
    "node_modules/luxon": {
      "version": "3.5.0",
      "resolved": "https://registry.npmjs.org/luxon/-/luxon-3.5.0.tgz",
      "integrity": "sha512-rh+Zjr6DNfUYR3bPwJEnuwDdqMbxZW7LOQfUN4B54+Cl+0o5zaU9RJ6bcidfDtC1cWCZXQ+nvX8bf6bAji37QQ==",
      "license": "MIT",
      "engines": {
        "node": ">=12"
      }
    },
    "node_modules/reflect-metadata": {
      "version": "0.2.2",
      "resolved": "https://registry.npmjs.org/reflect-metadata/-/reflect-metadata-0.2.2.tgz",
      "integrity": "sha512-urBwgfrvVP/eAyXx4hluJivBKzuEbSQs9rKWCrCkbSxNv8mxPcUZKeuoF3Uy4mJl3Lwprp6yy5/39VWigZ4K6Q==",
      "license": "Apache-2.0"
    }
  }
}
